
Microsoft Visual Studio Solution File, Format Version 12.00
# Visual Studio 15
VisualStudioVersion = 15.0.28307.168
MinimumVisualStudioVersion = 10.0.40219.1
Project("{9A19103F-16F7-4668-BE54-9A1E7A4F7556}") = "AWSLambda2", "AWSLambda2\AWSLambda2.csproj", "{7D20F307-9882-4B88-9629-B1B66A772143}"
EndProject
Project("{9A19103F-16F7-4668-BE54-9A1E7A4F7556}") = "AWSLambda2.Tests", "AWSLambda2.Tests\AWSLambda2.Tests.csproj", "{8D9EFEEF-285B-4CDF-B822-9085A9862BE9}"
EndProject
Project("{2150E333-8FDC-42A3-9474-1A3956D46DE8}") = "Solution Items", "Solution Items", "{50A42B82-BA31-4CD6-AF0D-6C92FF79135B}"
	ProjectSection(SolutionItems) = preProject
		.gitignore = .gitignore
		README.md = README.md
	EndProjectSection
EndProject
Global
	GlobalSection(SolutionConfigurationPlatforms) = preSolution
		Debug|Any CPU = Debug|Any CPU
		Release|Any CPU = Release|Any CPU
	EndGlobalSection
	GlobalSection(ProjectConfigurationPlatforms) = postSolution
		{7D20F307-9882-4B88-9629-B1B66A772143}.Debug|Any CPU.ActiveCfg = Debug|Any CPU
		{7D20F307-9882-4B88-9629-B1B66A772143}.Debug|Any CPU.Build.0 = Debug|Any CPU
		{7D20F307-9882-4B88-9629-B1B66A772143}.Release|Any CPU.ActiveCfg = Release|Any CPU
		{7D20F307-9882-4B88-9629-B1B66A772143}.Release|Any CPU.Build.0 = Release|Any CPU
		{8D9EFEEF-285B-4CDF-B822-9085A9862BE9}.Debug|Any CPU.ActiveCfg = Debug|Any CPU
		{8D9EFEEF-285B-4CDF-B822-9085A9862BE9}.Debug|Any CPU.Build.0 = Debug|Any CPU
		{8D9EFEEF-285B-4CDF-B822-9085A9862BE9}.Release|Any CPU.ActiveCfg = Release|Any CPU
		{8D9EFEEF-285B-4CDF-B822-9085A9862BE9}.Release|Any CPU.Build.0 = Release|Any CPU
	EndGlobalSection
	GlobalSection(SolutionProperties) = preSolution
		HideSolutionNode = FALSE
	EndGlobalSection
	GlobalSection(ExtensibilityGlobals) = postSolution
		SolutionGuid = {6DDE53FE-D02B-4034-B427-2635FE112BFD}
	EndGlobalSection
EndGlobal
